
Microsoft Visual Studio Solution File, Format Version 12.00
# Visual Studio 14
VisualStudioVersion = 14.0.25420.1
MinimumVisualStudioVersion = 10.0.40219.1
Project("{FAE04EC0-301F-11D3-BF4B-00C04F79EFBC}") = "Udger.Parser", "UdgerParser\Udger.Parser.csproj", "{DE1F8243-40A6-44D7-90CC-A2203F572A72}"
EndProject
Project("{FAE04EC0-301F-11D3-BF4B-00C04F79EFBC}") = "ConsoleTest", "ConsoleTest\ConsoleTest.csproj", "{8DDFCD4A-71F7-4EC4-906C-8C3459651C6C}"
EndProject
Project("{2150E333-8FDC-42A3-9474-1A3956D46DE8}") = "Solution Items", "Solution Items", "{F7A0F21B-3FA1-4B99-8F46-E94A70608938}"
	ProjectSection(SolutionItems) = preProject
		LICENSE = LICENSE
		README.md = README.md
	EndProjectSection
EndProject
Project("{FAE04EC0-301F-11D3-BF4B-00C04F79EFBC}") = "DataTest", "DataTest\DataTest.csproj", "{5F9745AF-C0D0-40FC-9F9E-8BAB370780B2}"
EndProject
Project("{8BB2217D-0F2D-49D1-97BC-3654ED321F3B}") = "Udger.Core", "Udger.Core\Udger.Core.xproj", "{571F9DCC-2727-4F75-A0DF-E75F66E8BD0F}"
EndProject
Project("{2150E333-8FDC-42A3-9474-1A3956D46DE8}") = "test", "test", "{9FF0966C-4C70-4EC3-9D10-FE04EB6ECAA4}"
EndProject
Project("{8BB2217D-0F2D-49D1-97BC-3654ED321F3B}") = "Udger.Core.Tests", "test\Udger.Core.Tests\Udger.Core.Tests.xproj", "{E58694AB-E210-499D-9424-AC17744A721B}"
EndProject
Project("{2150E333-8FDC-42A3-9474-1A3956D46DE8}") = "src", "src", "{446D9770-0714-4EB1-BCE3-1FF07A7A9341}"
EndProject
Global
	GlobalSection(SolutionConfigurationPlatforms) = preSolution
		Debug|Any CPU = Debug|Any CPU
		Debug|Mixed Platforms = Debug|Mixed Platforms
		Debug|x86 = Debug|x86
		Release|Any CPU = Release|Any CPU
		Release|Mixed Platforms = Release|Mixed Platforms
		Release|x86 = Release|x86
	EndGlobalSection
	GlobalSection(ProjectConfigurationPlatforms) = postSolution
		{DE1F8243-40A6-44D7-90CC-A2203F572A72}.Debug|Any CPU.ActiveCfg = Debug|Any CPU
		{DE1F8243-40A6-44D7-90CC-A2203F572A72}.Debug|Any CPU.Build.0 = Debug|Any CPU
		{DE1F8243-40A6-44D7-90CC-A2203F572A72}.Debug|Mixed Platforms.ActiveCfg = Debug|Any CPU
		{DE1F8243-40A6-44D7-90CC-A2203F572A72}.Debug|Mixed Platforms.Build.0 = Debug|Any CPU
		{DE1F8243-40A6-44D7-90CC-A2203F572A72}.Debug|x86.ActiveCfg = Debug|Any CPU
		{DE1F8243-40A6-44D7-90CC-A2203F572A72}.Release|Any CPU.ActiveCfg = Release|Any CPU
		{DE1F8243-40A6-44D7-90CC-A2203F572A72}.Release|Any CPU.Build.0 = Release|Any CPU
		{DE1F8243-40A6-44D7-90CC-A2203F572A72}.Release|Mixed Platforms.ActiveCfg = Release|Any CPU
		{DE1F8243-40A6-44D7-90CC-A2203F572A72}.Release|Mixed Platforms.Build.0 = Release|Any CPU
		{DE1F8243-40A6-44D7-90CC-A2203F572A72}.Release|x86.ActiveCfg = Release|Any CPU
		{8DDFCD4A-71F7-4EC4-906C-8C3459651C6C}.Debug|Any CPU.ActiveCfg = Debug|x86
		{8DDFCD4A-71F7-4EC4-906C-8C3459651C6C}.Debug|Mixed Platforms.ActiveCfg = Debug|x86
		{8DDFCD4A-71F7-4EC4-906C-8C3459651C6C}.Debug|Mixed Platforms.Build.0 = Debug|x86
		{8DDFCD4A-71F7-4EC4-906C-8C3459651C6C}.Debug|x86.ActiveCfg = Debug|x86
		{8DDFCD4A-71F7-4EC4-906C-8C3459651C6C}.Debug|x86.Build.0 = Debug|x86
		{8DDFCD4A-71F7-4EC4-906C-8C3459651C6C}.Release|Any CPU.ActiveCfg = Release|x86
		{8DDFCD4A-71F7-4EC4-906C-8C3459651C6C}.Release|Mixed Platforms.ActiveCfg = Release|x86
		{8DDFCD4A-71F7-4EC4-906C-8C3459651C6C}.Release|Mixed Platforms.Build.0 = Release|x86
		{8DDFCD4A-71F7-4EC4-906C-8C3459651C6C}.Release|x86.ActiveCfg = Release|x86
		{8DDFCD4A-71F7-4EC4-906C-8C3459651C6C}.Release|x86.Build.0 = Release|x86
		{5F9745AF-C0D0-40FC-9F9E-8BAB370780B2}.Debug|Any CPU.ActiveCfg = Debug|Any CPU
		{5F9745AF-C0D0-40FC-9F9E-8BAB370780B2}.Debug|Any CPU.Build.0 = Debug|Any CPU
		{5F9745AF-C0D0-40FC-9F9E-8BAB370780B2}.Debug|Mixed Platforms.ActiveCfg = Debug|Any CPU
		{5F9745AF-C0D0-40FC-9F9E-8BAB370780B2}.Debug|Mixed Platforms.Build.0 = Debug|Any CPU
		{5F9745AF-C0D0-40FC-9F9E-8BAB370780B2}.Debug|x86.ActiveCfg = Debug|Any CPU
		{5F9745AF-C0D0-40FC-9F9E-8BAB370780B2}.Debug|x86.Build.0 = Debug|Any CPU
		{5F9745AF-C0D0-40FC-9F9E-8BAB370780B2}.Release|Any CPU.ActiveCfg = Release|Any CPU
		{5F9745AF-C0D0-40FC-9F9E-8BAB370780B2}.Release|Any CPU.Build.0 = Release|Any CPU
		{5F9745AF-C0D0-40FC-9F9E-8BAB370780B2}.Release|Mixed Platforms.ActiveCfg = Release|Any CPU
		{5F9745AF-C0D0-40FC-9F9E-8BAB370780B2}.Release|Mixed Platforms.Build.0 = Release|Any CPU
		{5F9745AF-C0D0-40FC-9F9E-8BAB370780B2}.Release|x86.ActiveCfg = Release|Any CPU
		{5F9745AF-C0D0-40FC-9F9E-8BAB370780B2}.Release|x86.Build.0 = Release|Any CPU
		{571F9DCC-2727-4F75-A0DF-E75F66E8BD0F}.Debug|Any CPU.ActiveCfg = Debug|Any CPU
		{571F9DCC-2727-4F75-A0DF-E75F66E8BD0F}.Debug|Any CPU.Build.0 = Debug|Any CPU
		{571F9DCC-2727-4F75-A0DF-E75F66E8BD0F}.Debug|Mixed Platforms.ActiveCfg = Debug|Any CPU
		{571F9DCC-2727-4F75-A0DF-E75F66E8BD0F}.Debug|Mixed Platforms.Build.0 = Debug|Any CPU
		{571F9DCC-2727-4F75-A0DF-E75F66E8BD0F}.Debug|x86.ActiveCfg = Debug|Any CPU
		{571F9DCC-2727-4F75-A0DF-E75F66E8BD0F}.Debug|x86.Build.0 = Debug|Any CPU
		{571F9DCC-2727-4F75-A0DF-E75F66E8BD0F}.Release|Any CPU.ActiveCfg = Release|Any CPU
		{571F9DCC-2727-4F75-A0DF-E75F66E8BD0F}.Release|Any CPU.Build.0 = Release|Any CPU
		{571F9DCC-2727-4F75-A0DF-E75F66E8BD0F}.Release|Mixed Platforms.ActiveCfg = Release|Any CPU
		{571F9DCC-2727-4F75-A0DF-E75F66E8BD0F}.Release|Mixed Platforms.Build.0 = Release|Any CPU
		{571F9DCC-2727-4F75-A0DF-E75F66E8BD0F}.Release|x86.ActiveCfg = Release|Any CPU
		{571F9DCC-2727-4F75-A0DF-E75F66E8BD0F}.Release|x86.Build.0 = Release|Any CPU
		{E58694AB-E210-499D-9424-AC17744A721B}.Debug|Any CPU.ActiveCfg = Debug|Any CPU
		{E58694AB-E210-499D-9424-AC17744A721B}.Debug|Any CPU.Build.0 = Debug|Any CPU
		{E58694AB-E210-499D-9424-AC17744A721B}.Debug|Mixed Platforms.ActiveCfg = Debug|Any CPU
		{E58694AB-E210-499D-9424-AC17744A721B}.Debug|Mixed Platforms.Build.0 = Debug|Any CPU
		{E58694AB-E210-499D-9424-AC17744A721B}.Debug|x86.ActiveCfg = Debug|Any CPU
		{E58694AB-E210-499D-9424-AC17744A721B}.Debug|x86.Build.0 = Debug|Any CPU
		{E58694AB-E210-499D-9424-AC17744A721B}.Release|Any CPU.ActiveCfg = Release|Any CPU
		{E58694AB-E210-499D-9424-AC17744A721B}.Release|Any CPU.Build.0 = Release|Any CPU
		{E58694AB-E210-499D-9424-AC17744A721B}.Release|Mixed Platforms.ActiveCfg = Release|Any CPU
		{E58694AB-E210-499D-9424-AC17744A721B}.Release|Mixed Platforms.Build.0 = Release|Any CPU
		{E58694AB-E210-499D-9424-AC17744A721B}.Release|x86.ActiveCfg = Release|Any CPU
		{E58694AB-E210-499D-9424-AC17744A721B}.Release|x86.Build.0 = Release|Any CPU
	EndGlobalSection
	GlobalSection(SolutionProperties) = preSolution
		HideSolutionNode = FALSE
	EndGlobalSection
	GlobalSection(NestedProjects) = preSolution
		{DE1F8243-40A6-44D7-90CC-A2203F572A72} = {446D9770-0714-4EB1-BCE3-1FF07A7A9341}
		{8DDFCD4A-71F7-4EC4-906C-8C3459651C6C} = {446D9770-0714-4EB1-BCE3-1FF07A7A9341}
		{5F9745AF-C0D0-40FC-9F9E-8BAB370780B2} = {446D9770-0714-4EB1-BCE3-1FF07A7A9341}
		{571F9DCC-2727-4F75-A0DF-E75F66E8BD0F} = {446D9770-0714-4EB1-BCE3-1FF07A7A9341}
		{E58694AB-E210-499D-9424-AC17744A721B} = {9FF0966C-4C70-4EC3-9D10-FE04EB6ECAA4}
	EndGlobalSection
EndGlobal
